{
    "_readme": [
        "This file locks the dependencies of your project to a known state",
        "Read more about it at https://getcomposer.org/doc/01-basic-usage.md#installing-dependencies",
        "This file is @generated automatically"
    ],
    "content-hash": "e2cc8c6fe8722710a51a6093c541e85b",
    "packages": [
        {
            "name": "drupol/phpmerkle",
            "version": "2.2.1",
            "source": {
                "type": "git",
                "url": "https://github.com/drupol/phpmerkle.git",
                "reference": "be5a097570084a2bc6da92bec47093deffad619a"
            },
            "dist": {
                "type": "zip",
                "url": "https://api.github.com/repos/drupol/phpmerkle/zipball/be5a097570084a2bc6da92bec47093deffad619a",
                "reference": "be5a097570084a2bc6da92bec47093deffad619a",
                "shasum": ""
            },
            "require": {
                "ext-hash": "*",
                "ext-json": "*",
                "php": ">= 7.1.3"
            },
            "require-dev": {
                "drupol/php-conventions": "^1",
                "friends-of-phpspec/phpspec-code-coverage": "^4.3.2",
                "infection/infection": "^0.11. || ^0.12.2 || ^0.13.6 || ^0.14.4 || ^0.15.0",
                "jakub-onderka/php-parallel-lint": "^1.0",
                "phpspec/phpspec": "^5.1.2 || ^6.1 || ^7",
                "phpstan/phpstan": "^0.11.19",
                "phpunit/php-code-coverage": "^6.1.4 || ^7"
            },
            "type": "library",
            "autoload": {
                "psr-4": {
                    "drupol\\phpmerkle\\": "src/"
                }
            },
            "notification-url": "https://packagist.org/downloads/",
            "license": [
                "MIT"
            ],
            "authors": [
                {
                    "name": "Pol Dellaiera",
                    "email": "pol.dellaiera@protonmail.com"
                }
            ],
            "description": "A fast and dynamic Merkle tree implementation",
            "keywords": [
                "blockchain",
                "cryptography",
                "merkle",
                "merkle tree",
                "php",
                "tree"
            ],
            "time": "2019-12-11T07:43:37+00:00"
        }
    ],
    "packages-dev": [],
    "aliases": [],
    "minimum-stability": "stable",
    "stability-flags": [],
    "prefer-stable": false,
    "prefer-lowest": false,
    "platform": {
        "ext-openssl": "*"
    },
    "platform-dev": [],
    "plugin-api-version": "1.1.0"
}
